{
  "name": "qrcodescanner",
  "version": "1.0.0",
  "lockfileVersion": 2,
  "requires": true,
  "packages": {
    "": {
      "name": "qrcodescanner",
      "version": "1.0.0",
      "license": "ISC",
      "dependencies": {
        "dynamsoft-javascript-barcode": "^9.6.21"
      }
    },
    "node_modules/dm-fabric": {
      "version": "5.1.17",
      "resolved": "https://registry.npmmirror.com/dm-fabric/-/dm-fabric-5.1.17.tgz",
      "integrity": "sha512-YouI4F+svfqTi3FM9fKG8ZqtdygzLbAzaA53QfekreLvJRqaHhCplk+2EF+cgMmuO5kY62m2Pm0pBqqV/sc5Vg==",
      "engines": {
        "node": ">=14.0.0"
      }
    },
    "node_modules/dm-howler": {
      "version": "2.2.4",
      "resolved": "https://registry.npmmirror.com/dm-howler/-/dm-howler-2.2.4.tgz",
      "integrity": "sha512-h+iDEP/cyALeqWNtGdZZRwm3buSwaG26wzF6fCUGhvkF/yxYoWb8F/v7qN+urqdZw3wotZGO/01rDlzOxJUUGw=="
    },
    "node_modules/dynamsoft-javascript-barcode": {
      "version": "9.6.21",
      "resolved": "https://registry.npmmirror.com/dynamsoft-javascript-barcode/-/dynamsoft-javascript-barcode-9.6.21.tgz",
      "integrity": "sha512-b4GsfsTTTVLyqeUtek7wimgMcdi9OjLC8N2K30Z6JwFwGMMvvBfvGmvkOKvMWY/yzxOISX+4coUp/0TUEyadXw==",
      "dependencies": {
        "dm-howler": "^2.2.4",
        "dynamsoft-camera-enhancer": "^3.3.5"
      },
      "peerDependencies": {
        "node-fetch": "^2.6.5",
        "node-localstorage": "^2.2.1"
      },
      "peerDependenciesMeta": {
        "node-fetch": {
          "optional": true
        },
        "node-localstorage": {
          "optional": true
        }
      }
    },
    "node_modules/dynamsoft-javascript-barcode/node_modules/dynamsoft-camera-enhancer": {
      "version": "3.3.5",
      "resolved": "https://registry.npmmirror.com/dynamsoft-camera-enhancer/-/dynamsoft-camera-enhancer-3.3.5.tgz",
      "integrity": "sha512-R9iRb9KYrxyuLxcAwrW9Dkhul9XoBQVI7NQYw4/I6B+racxGJjhVFD/l/b1gJ8gQmzoU5AQ3gqMBZGxMPl6G3g==",
      "dependencies": {
        "dm-fabric": "^5.1.17",
        "mutable-promise": "^1.1.13"
      }
    },
    "node_modules/mutable-promise": {
      "version": "1.1.13",
      "resolved": "https://registry.npmmirror.com/mutable-promise/-/mutable-promise-1.1.13.tgz",
      "integrity": "sha512-2NzvKW97ZG2C7Z6H80+fWD/0kG5FOycAptsplCoyx5rrjA8Ix5b9PgqDHxecgQFCm+646uZpt71rQLRrBkL3JA=="
    }
  },
  "dependencies": {
    "dm-fabric": {
      "version": "5.1.17",
      "resolved": "https://registry.npmmirror.com/dm-fabric/-/dm-fabric-5.1.17.tgz",
      "integrity": "sha512-YouI4F+svfqTi3FM9fKG8ZqtdygzLbAzaA53QfekreLvJRqaHhCplk+2EF+cgMmuO5kY62m2Pm0pBqqV/sc5Vg=="
    },
    "dm-howler": {
      "version": "2.2.4",
      "resolved": "https://registry.npmmirror.com/dm-howler/-/dm-howler-2.2.4.tgz",
      "integrity": "sha512-h+iDEP/cyALeqWNtGdZZRwm3buSwaG26wzF6fCUGhvkF/yxYoWb8F/v7qN+urqdZw3wotZGO/01rDlzOxJUUGw=="
    },
    "dynamsoft-javascript-barcode": {
      "version": "9.6.21",
      "resolved": "https://registry.npmmirror.com/dynamsoft-javascript-barcode/-/dynamsoft-javascript-barcode-9.6.21.tgz",
      "integrity": "sha512-b4GsfsTTTVLyqeUtek7wimgMcdi9OjLC8N2K30Z6JwFwGMMvvBfvGmvkOKvMWY/yzxOISX+4coUp/0TUEyadXw==",
      "requires": {
        "dm-howler": "^2.2.4",
        "dynamsoft-camera-enhancer": "^3.3.5"
      },
      "dependencies": {
        "dynamsoft-camera-enhancer": {
          "version": "3.3.5",
          "resolved": "https://registry.npmmirror.com/dynamsoft-camera-enhancer/-/dynamsoft-camera-enhancer-3.3.5.tgz",
          "integrity": "sha512-R9iRb9KYrxyuLxcAwrW9Dkhul9XoBQVI7NQYw4/I6B+racxGJjhVFD/l/b1gJ8gQmzoU5AQ3gqMBZGxMPl6G3g==",
          "requires": {
            "dm-fabric": "^5.1.17",
            "mutable-promise": "^1.1.13"
          }
        }
      }
    },
    "mutable-promise": {
      "version": "1.1.13",
      "resolved": "https://registry.npmmirror.com/mutable-promise/-/mutable-promise-1.1.13.tgz",
      "integrity": "sha512-2NzvKW97ZG2C7Z6H80+fWD/0kG5FOycAptsplCoyx5rrjA8Ix5b9PgqDHxecgQFCm+646uZpt71rQLRrBkL3JA=="
    }
  }
}
